{
  "name": "ShowNest",
  "lockfileVersion": 3,
  "requires": true,
  "packages": {
    "": {
      "dependencies": {
        "@ckeditor/ckeditor5-build-classic": "^41.3.0",
        "@cloudinary/url-gen": "^1.19.0",
        "@cloudinary/vue": "^1.12.1",
        "@fawmi/vue-google-maps": "^0.9.79",
        "cloudinary": "^2.1.0",
        "vue-router": "^4.3.2",
        "vue2-google-maps": "^0.10.7",
        "vuedraggable": "^2.24.3"
      }
    },
    "node_modules/@babel/parser": {
      "version": "7.24.4",
      "resolved": "https://registry.npmjs.org/@babel/parser/-/parser-7.24.4.tgz",
      "integrity": "sha512-zTvEBcghmeBma9QIGunWevvBAp4/Qu9Bdq+2k0Ot4fVMD6v3dsC9WOcRSKk7tRRyBM/53yKMJko9xOatGQAwSg==",
      "peer": true,
      "bin": {
        "parser": "bin/babel-parser.js"
      },
      "engines": {
        "node": ">=6.0.0"
      }
    },
    "node_modules/@ckeditor/ckeditor5-adapter-ckfinder": {
      "version": "41.3.0",
      "resolved": "https://registry.npmjs.org/@ckeditor/ckeditor5-adapter-ckfinder/-/ckeditor5-adapter-ckfinder-41.3.0.tgz",
      "integrity": "sha512-mwvmvsiGE0QqPxN91rQm7Xg00QsGS46juAaMzCzbJUrOO0WQkj2PcXniFHUN8xO0dHK1rWznykiGOT3twFdWEw==",
      "dependencies": {
        "ckeditor5": "41.3.0"
      }
    },
    "node_modules/@ckeditor/ckeditor5-autoformat": {
      "version": "41.3.0",
      "resolved": "https://registry.npmjs.org/@ckeditor/ckeditor5-autoformat/-/ckeditor5-autoformat-41.3.0.tgz",
      "integrity": "sha512-7PilkC98/erd93/SSc8uJ65UMtDL4HTq84dS8vq76PAcW09mvEyd+g3/NEh9cQzJPOn4XDVN4oTLg1bU3t5bQA==",
      "dependencies": {
        "ckeditor5": "41.3.0"
      }
    },
    "node_modules/@ckeditor/ckeditor5-basic-styles": {
      "version": "41.3.0",
      "resolved": "https://registry.npmjs.org/@ckeditor/ckeditor5-basic-styles/-/ckeditor5-basic-styles-41.3.0.tgz",
      "integrity": "sha512-FSH/pmrApZZqZ83LHXsQkjQK5fRai7UUyqkPBsL/mgTm05/MLgyuoGYTR5+ogRTh05IQV6Wt9aMtRoboAtLCrw==",
      "dependencies": {
        "ckeditor5": "41.3.0"
      }
    },
    "node_modules/@ckeditor/ckeditor5-block-quote": {
      "version": "41.3.0",
      "resolved": "https://registry.npmjs.org/@ckeditor/ckeditor5-block-quote/-/ckeditor5-block-quote-41.3.0.tgz",
      "integrity": "sha512-md1xncrU4GQRHaJMVtON6F+7cVz+IaqEKtovnODja5CWMIrDfBQ+JMECo3UjGUn1V7nJgF+MUODnUI4+Ns4Ngw==",
      "dependencies": {
        "ckeditor5": "41.3.0"
      }
    },
    "node_modules/@ckeditor/ckeditor5-build-classic": {
      "version": "41.3.0",
      "resolved": "https://registry.npmjs.org/@ckeditor/ckeditor5-build-classic/-/ckeditor5-build-classic-41.3.0.tgz",
      "integrity": "sha512-T34GRS+l0eaErpPwbHPkrjDmC4iFJ0EQyug04xlyBCGxppdyh+Oh4G+YCU3sIX/MxAQJiz7elL+UgOPuNwV/ig==",
      "dependencies": {
        "@ckeditor/ckeditor5-adapter-ckfinder": "41.3.0",
        "@ckeditor/ckeditor5-autoformat": "41.3.0",
        "@ckeditor/ckeditor5-basic-styles": "41.3.0",
        "@ckeditor/ckeditor5-block-quote": "41.3.0",
        "@ckeditor/ckeditor5-ckbox": "41.3.0",
        "@ckeditor/ckeditor5-ckfinder": "41.3.0",
        "@ckeditor/ckeditor5-cloud-services": "41.3.0",
        "@ckeditor/ckeditor5-easy-image": "41.3.0",
        "@ckeditor/ckeditor5-editor-classic": "41.3.0",
        "@ckeditor/ckeditor5-essentials": "41.3.0",
        "@ckeditor/ckeditor5-heading": "41.3.0",
        "@ckeditor/ckeditor5-image": "41.3.0",
        "@ckeditor/ckeditor5-indent": "41.3.0",
        "@ckeditor/ckeditor5-link": "41.3.0",
        "@ckeditor/ckeditor5-list": "41.3.0",
        "@ckeditor/ckeditor5-media-embed": "41.3.0",
        "@ckeditor/ckeditor5-paragraph": "41.3.0",
        "@ckeditor/ckeditor5-paste-from-office": "41.3.0",
        "@ckeditor/ckeditor5-table": "41.3.0",
        "@ckeditor/ckeditor5-typing": "41.3.0"
      }
    },
    "node_modules/@ckeditor/ckeditor5-ckbox": {
      "version": "41.3.0",
      "resolved": "https://registry.npmjs.org/@ckeditor/ckeditor5-ckbox/-/ckeditor5-ckbox-41.3.0.tgz",
      "integrity": "sha512-XSDYNAIt827XShWsoZBXlcWOgEa8pCUqH7PHA3zhmXGziw8lolP9Z6gcRFa5KijxMGutFBiUCM+L6pzVVK+gbQ==",
      "dependencies": {
        "blurhash": "2.0.5",
        "ckeditor5": "41.3.0",
        "lodash-es": "4.17.21"
      }
    },
    "node_modules/@ckeditor/ckeditor5-ckfinder": {
      "version": "41.3.0",
      "resolved": "https://registry.npmjs.org/@ckeditor/ckeditor5-ckfinder/-/ckeditor5-ckfinder-41.3.0.tgz",
      "integrity": "sha512-yo79RkNVmuKVilcK+j5cYBLk0gPJ4/9t8DGCNmoZPyTG7Xe53MVY6MOElXQMFM5jcDQXGvMNz2uhHz+yNlGceg==",
      "dependencies": {
        "ckeditor5": "41.3.0"
      }
    },
    "node_modules/@ckeditor/ckeditor5-clipboard": {
      "version": "41.3.0",
      "resolved": "https://registry.npmjs.org/@ckeditor/ckeditor5-clipboard/-/ckeditor5-clipboard-41.3.0.tgz",
      "integrity": "sha512-ZVCl4L4FggW64DtL5m1RPSKEo6HwkTViu7m+cN6NXT7VAV4SVEvxhL1vYpz/vhBBPZLw6kSELX17fbI3PbIa0g==",
      "dependencies": {
        "@ckeditor/ckeditor5-core": "41.3.0",
        "@ckeditor/ckeditor5-engine": "41.3.0",
        "@ckeditor/ckeditor5-ui": "41.3.0",
        "@ckeditor/ckeditor5-utils": "41.3.0",
        "@ckeditor/ckeditor5-widget": "41.3.0",
        "lodash-es": "4.17.21"
      }
    },
    "node_modules/@ckeditor/ckeditor5-cloud-services": {
      "version": "41.3.0",
      "resolved": "https://registry.npmjs.org/@ckeditor/ckeditor5-cloud-services/-/ckeditor5-cloud-services-41.3.0.tgz",
      "integrity": "sha512-uctCCl6rAXGyatqNzngG/buoQEasUwRuS8aliSso/7wDQbWECzsd9+7BPiO5+/GguVhnwwYXsdJ89KH2zYz4WA==",
      "dependencies": {
        "ckeditor5": "41.3.0"
      }
    },
    "node_modules/@ckeditor/ckeditor5-core": {
      "version": "41.3.0",
      "resolved": "https://registry.npmjs.org/@ckeditor/ckeditor5-core/-/ckeditor5-core-41.3.0.tgz",
      "integrity": "sha512-3K1dQJTawbCJtaytZvIkax8fZjN7lns0IFEbu2MWTBGlXmifiDyRDRJe6/e/0sGSiKGsoBGIky8M0iYzqLbd3g==",
      "dependencies": {
        "@ckeditor/ckeditor5-engine": "41.3.0",
        "@ckeditor/ckeditor5-utils": "41.3.0",
        "lodash-es": "4.17.21"
      }
    },
    "node_modules/@ckeditor/ckeditor5-easy-image": {
      "version": "41.3.0",
      "resolved": "https://registry.npmjs.org/@ckeditor/ckeditor5-easy-image/-/ckeditor5-easy-image-41.3.0.tgz",
      "integrity": "sha512-bB/0FtK3mv8DQxK+7/Y219G7wkaalqEdH6hVLNBXThdm62yy+ZzGVRpExg3sVDdYKDXbsMBhRUDI/n4DEL7Kag==",
      "dependencies": {
        "ckeditor5": "41.3.0"
      }
    },
    "node_modules/@ckeditor/ckeditor5-editor-classic": {
      "version": "41.3.0",
      "resolved": "https://registry.npmjs.org/@ckeditor/ckeditor5-editor-classic/-/ckeditor5-editor-classic-41.3.0.tgz",
      "integrity": "sha512-yhs078iq0eSQpZ9+RQAWxSTsJoqYEbGomhlHebjHc9bpsTFFA4T8vcroWTvhRmySEpbHfRnADxQBj0ZGQfyDdA==",
      "dependencies": {
        "ckeditor5": "41.3.0",
        "lodash-es": "4.17.21"
      }
    },
    "node_modules/@ckeditor/ckeditor5-engine": {
      "version": "41.3.0",
      "resolved": "https://registry.npmjs.org/@ckeditor/ckeditor5-engine/-/ckeditor5-engine-41.3.0.tgz",
      "integrity": "sha512-H+t3o5zuoyTzygCP2V/x0WEd2Vn3I1XwJtDbvcXDz1C05dbWf5UUAj/xIsgoIgmOl+HKNVLhPiCjZGXXZhCNzQ==",
      "dependencies": {
        "@ckeditor/ckeditor5-utils": "41.3.0",
        "lodash-es": "4.17.21"
      }
    },
    "node_modules/@ckeditor/ckeditor5-enter": {
      "version": "41.3.0",
      "resolved": "https://registry.npmjs.org/@ckeditor/ckeditor5-enter/-/ckeditor5-enter-41.3.0.tgz",
      "integrity": "sha512-b061fD75nm9KMq/OXa6ilEMk9LJOrLMAst0/kX6ig0q9nE0VSkwkXqVAtCRbliEf0GIqQCjUvm2EoDuFeGWKeQ==",
      "dependencies": {
        "@ckeditor/ckeditor5-core": "41.3.0",
        "@ckeditor/ckeditor5-engine": "41.3.0",
        "@ckeditor/ckeditor5-utils": "41.3.0"
      }
    },
    "node_modules/@ckeditor/ckeditor5-essentials": {
      "version": "41.3.0",
      "resolved": "https://registry.npmjs.org/@ckeditor/ckeditor5-essentials/-/ckeditor5-essentials-41.3.0.tgz",
      "integrity": "sha512-K6RXnNujsaF/m5BYMiEDE6WeGqs3JHnorK5JutsQ+QebqVs3P4nG78NmyFvf42FfgPKrpap2vyWky1M/DVFVOQ==",
      "dependencies": {
        "ckeditor5": "41.3.0"
      }
    },
    "node_modules/@ckeditor/ckeditor5-heading": {
      "version": "41.3.0",
      "resolved": "https://registry.npmjs.org/@ckeditor/ckeditor5-heading/-/ckeditor5-heading-41.3.0.tgz",
      "integrity": "sha512-n8Og5x8IM8+MAFPh87DW/RqopMTJzPiONESt6XzvcHf+BLreImPwIy4abIpHbm1eAaQpv4ojHuMMYWSfOmv2JQ==",
      "dependencies": {
        "ckeditor5": "41.3.0"
      }
    },
    "node_modules/@ckeditor/ckeditor5-image": {
      "version": "41.3.0",
      "resolved": "https://registry.npmjs.org/@ckeditor/ckeditor5-image/-/ckeditor5-image-41.3.0.tgz",
      "integrity": "sha512-G7vbgtycwW2USQfcbNn3iT7d+/7phKuwwZX7aaDQvFX4ciqeBVDIh9d/v3UYqPhBU5sWA5aILsXwrrM2CimFBw==",
      "dependencies": {
        "@ckeditor/ckeditor5-ui": "41.3.0",
        "ckeditor5": "41.3.0",
        "lodash-es": "4.17.21"
      }
    },
    "node_modules/@ckeditor/ckeditor5-indent": {
      "version": "41.3.0",
      "resolved": "https://registry.npmjs.org/@ckeditor/ckeditor5-indent/-/ckeditor5-indent-41.3.0.tgz",
      "integrity": "sha512-GbqTHvWnLjqlqqxmmC1gO0Tfg6mXjah6TuI/JvRzID1fOwddFKFrBX+bk9LlWz0HlGEouW/aDTihbyE4ODZXXQ==",
      "dependencies": {
        "ckeditor5": "41.3.0"
      }
    },
    "node_modules/@ckeditor/ckeditor5-link": {
      "version": "41.3.0",
      "resolved": "https://registry.npmjs.org/@ckeditor/ckeditor5-link/-/ckeditor5-link-41.3.0.tgz",
      "integrity": "sha512-JW6Og4lnDsSKjGyL5FKvSU3690oTtu5e/aVNn81NQqZpfczcDvgqjD7fdPwgI4cuvepa+six1N8uEVABjvjtSQ==",
      "dependencies": {
        "@ckeditor/ckeditor5-ui": "41.3.0",
        "ckeditor5": "41.3.0",
        "lodash-es": "4.17.21"
      }
    },
    "node_modules/@ckeditor/ckeditor5-list": {
      "version": "41.3.0",
      "resolved": "https://registry.npmjs.org/@ckeditor/ckeditor5-list/-/ckeditor5-list-41.3.0.tgz",
      "integrity": "sha512-UxdRba5hLkP1Nl/gfbNoivcvXdQYavcgZZl36zO+CCuEgIcP7qcFRhye2oitiGZ1tSJfXD2/JAkkLOITdsKSjg==",
      "dependencies": {
        "ckeditor5": "41.3.0"
      }
    },
    "node_modules/@ckeditor/ckeditor5-media-embed": {
      "version": "41.3.0",
      "resolved": "https://registry.npmjs.org/@ckeditor/ckeditor5-media-embed/-/ckeditor5-media-embed-41.3.0.tgz",
      "integrity": "sha512-zJqZgP22rDYY0bi6ZC2lrH8mtD15WVtJzEPwaSzW0khhzzMhnHMKJczjJwfpDC2IK1Va7BOQ54/ZAsqNJAe+Rw==",
      "dependencies": {
        "@ckeditor/ckeditor5-ui": "41.3.0",
        "ckeditor5": "41.3.0"
      }
    },
    "node_modules/@ckeditor/ckeditor5-paragraph": {
      "version": "41.3.0",
      "resolved": "https://registry.npmjs.org/@ckeditor/ckeditor5-paragraph/-/ckeditor5-paragraph-41.3.0.tgz",
      "integrity": "sha512-9wcGu99fltVZNq+vn6PEiib+4pERIR8ntDZr+Gi++4jqDEehVbQbaqKRwy/fLCl0JFaRVnmtsRm+iaUnkL3R3Q==",
      "dependencies": {
        "@ckeditor/ckeditor5-core": "41.3.0",
        "@ckeditor/ckeditor5-ui": "41.3.0",
        "@ckeditor/ckeditor5-utils": "41.3.0"
      }
    },
    "node_modules/@ckeditor/ckeditor5-paste-from-office": {
      "version": "41.3.0",
      "resolved": "https://registry.npmjs.org/@ckeditor/ckeditor5-paste-from-office/-/ckeditor5-paste-from-office-41.3.0.tgz",
      "integrity": "sha512-jItJg9tpQxSv3FjH90RSX+bZmqwVlHZcgTRI03rkQlwi+hlneP6Cu8vxRt0zRRbNLxy0gdnk6QpD1vbq/8riHQ==",
      "dependencies": {
        "ckeditor5": "41.3.0"
      }
    },
    "node_modules/@ckeditor/ckeditor5-select-all": {
      "version": "41.3.0",
      "resolved": "https://registry.npmjs.org/@ckeditor/ckeditor5-select-all/-/ckeditor5-select-all-41.3.0.tgz",
      "integrity": "sha512-w14V7OHVVB9NlO536+NYPvgNk0XCNufO2oxO0B4Tf4iQi6U3LYxyMJwotHDwhJqYVHofLQyeuwFF3Y2N1d1NnQ==",
      "dependencies": {
        "@ckeditor/ckeditor5-core": "41.3.0",
        "@ckeditor/ckeditor5-ui": "41.3.0",
        "@ckeditor/ckeditor5-utils": "41.3.0"
      }
    },
    "node_modules/@ckeditor/ckeditor5-table": {
      "version": "41.3.0",
      "resolved": "https://registry.npmjs.org/@ckeditor/ckeditor5-table/-/ckeditor5-table-41.3.0.tgz",
      "integrity": "sha512-0oz7gP2TTRPZy3sss3TKoJ9Kpf9/mmQgH17VTMotF2CKJbPZdP7m8NciFH5CPqRuWZZKMCXn02pZyqhA+U+7HA==",
      "dependencies": {
        "ckeditor5": "41.3.0",
        "lodash-es": "4.17.21"
      }
    },
    "node_modules/@ckeditor/ckeditor5-typing": {
      "version": "41.3.0",
      "resolved": "https://registry.npmjs.org/@ckeditor/ckeditor5-typing/-/ckeditor5-typing-41.3.0.tgz",
      "integrity": "sha512-xboj4s3GcG+pwOYZeVUle8RkRE+De7OsejnzcwCwx+wJ2PkOwbSyVdXQIdRq+DSPxfISGjyFXGinSWiUx0taJg==",
      "dependencies": {
        "@ckeditor/ckeditor5-core": "41.3.0",
        "@ckeditor/ckeditor5-engine": "41.3.0",
        "@ckeditor/ckeditor5-utils": "41.3.0",
        "lodash-es": "4.17.21"
      }
    },
    "node_modules/@ckeditor/ckeditor5-ui": {
      "version": "41.3.0",
      "resolved": "https://registry.npmjs.org/@ckeditor/ckeditor5-ui/-/ckeditor5-ui-41.3.0.tgz",
      "integrity": "sha512-F/zDk3584klgeoP2VyQmXn4cx0ekkfB8JD8JpqVNPAcLlw6HRdP9zhSTc9fDkA8QGnRIA/M0cXm3qXYS1Vms0Q==",
      "dependencies": {
        "@ckeditor/ckeditor5-core": "41.3.0",
        "@ckeditor/ckeditor5-utils": "41.3.0",
        "color-convert": "2.0.1",
        "color-parse": "1.4.2",
        "lodash-es": "4.17.21",
        "vanilla-colorful": "0.7.2"
      }
    },
    "node_modules/@ckeditor/ckeditor5-undo": {
      "version": "41.3.0",
      "resolved": "https://registry.npmjs.org/@ckeditor/ckeditor5-undo/-/ckeditor5-undo-41.3.0.tgz",
      "integrity": "sha512-o9zNt8joLzepvoR4eFtA7wklmi7PaA94iHk6QqE0xYL0y6qhwH+RharJRfftMaYAEUTRK4LeVXY6tjRmV5QRXQ==",
      "dependencies": {
        "@ckeditor/ckeditor5-core": "41.3.0",
        "@ckeditor/ckeditor5-engine": "41.3.0",
        "@ckeditor/ckeditor5-ui": "41.3.0"
      }
    },
    "node_modules/@ckeditor/ckeditor5-upload": {
      "version": "41.3.0",
      "resolved": "https://registry.npmjs.org/@ckeditor/ckeditor5-upload/-/ckeditor5-upload-41.3.0.tgz",
      "integrity": "sha512-ya7251S5oyqYzYNK4Ioz8L6Z4Dp93FItmm3uBAoEyWV0t0F0HeFpX+iWDTi9tfw6OgzZ8B0jPb6WYiAnrw2V3g==",
      "dependencies": {
        "@ckeditor/ckeditor5-core": "41.3.0",
        "@ckeditor/ckeditor5-utils": "41.3.0"
      }
    },
    "node_modules/@ckeditor/ckeditor5-utils": {
      "version": "41.3.0",
      "resolved": "https://registry.npmjs.org/@ckeditor/ckeditor5-utils/-/ckeditor5-utils-41.3.0.tgz",
      "integrity": "sha512-MhsmTLklzwmMo7JFEVqul8eFOX3pD91mF8XfxH3qOb/GPxMmN0cCLVkY+W/WE/YCr5HZcWym3v0rVnUjqGZ6jQ==",
      "dependencies": {
        "lodash-es": "4.17.21"
      }
    },
    "node_modules/@ckeditor/ckeditor5-watchdog": {
      "version": "41.3.0",
      "resolved": "https://registry.npmjs.org/@ckeditor/ckeditor5-watchdog/-/ckeditor5-watchdog-41.3.0.tgz",
      "integrity": "sha512-TVROhUR5hHy+2cbbuRc/+EO9xFcC8z/tWcMwOGlRIIwLJUu5GXWiCInF+wV0sG7IYdGIEEoOiTPiHzOSQSt5lQ==",
      "dependencies": {
        "lodash-es": "4.17.21"
      }
    },
    "node_modules/@ckeditor/ckeditor5-widget": {
      "version": "41.3.0",
      "resolved": "https://registry.npmjs.org/@ckeditor/ckeditor5-widget/-/ckeditor5-widget-41.3.0.tgz",
      "integrity": "sha512-Cf0C6+G3LP4fZnPMmuCo1TknsGoikb7sz0MgW+16h1UGmNu5QpyOH9oGnHeDbeVFKyR4Ld0Li9Kw9+oJL9g6OA==",
      "dependencies": {
        "@ckeditor/ckeditor5-core": "41.3.0",
        "@ckeditor/ckeditor5-engine": "41.3.0",
        "@ckeditor/ckeditor5-enter": "41.3.0",
        "@ckeditor/ckeditor5-typing": "41.3.0",
        "@ckeditor/ckeditor5-ui": "41.3.0",
        "@ckeditor/ckeditor5-utils": "41.3.0",
        "lodash-es": "4.17.21"
      }
    },
    "node_modules/@cloudinary/html": {
      "version": "1.13.0",
      "resolved": "https://registry.npmjs.org/@cloudinary/html/-/html-1.13.0.tgz",
      "integrity": "sha512-kOE54EbAyxSH4k3Z9HzYDSlsfpXSDxckAdyyNfxsnC23u+wfxY0Gt8yBG0s3tiqdTkL6IDd1Momsn/OlYStObg==",
      "dependencies": {
        "@types/lodash.clonedeep": "^4.5.6",
        "@types/lodash.debounce": "^4.0.6",
        "@types/node": "^14.14.10",
        "lodash.clonedeep": "^4.5.0",
        "lodash.debounce": "^4.0.8",
        "typescript": "^4.1.2"
      }
    },
    "node_modules/@cloudinary/transformation-builder-sdk": {
      "version": "1.13.3",
      "resolved": "https://registry.npmjs.org/@cloudinary/transformation-builder-sdk/-/transformation-builder-sdk-1.13.3.tgz",
      "integrity": "sha512-tBMpjcwBjUgINGm2lKodb1fe32yBeq2KTSD7TrrFPm2/dQOb7lKmVuDaDe89IPcV+QZbb1JY/ZWL9pZjUV4aKw==",
      "dependencies": {
        "@cloudinary/url-gen": "^1.7.0"
      }
    },
    "node_modules/@cloudinary/url-gen": {
      "version": "1.19.0",
      "resolved": "https://registry.npmjs.org/@cloudinary/url-gen/-/url-gen-1.19.0.tgz",
      "integrity": "sha512-3WSqYAMEe8lcYMFmkNPhOfv6Ql76mpf8O7YEC+CCaoIYrfBubzzeF8yENCaZK9tFJEHvMepI+uWWfilNrz48XA==",
      "dependencies": {
        "@cloudinary/transformation-builder-sdk": "^1.13.0"
      }
    },
    "node_modules/@cloudinary/vue": {
      "version": "1.12.1",
      "resolved": "https://registry.npmjs.org/@cloudinary/vue/-/vue-1.12.1.tgz",
      "integrity": "sha512-xPDWDvodu2fXkoT9EO0wD8wVihhVuerG6CI5CoUPxdCcYSFiwp6odD5+mnytsOy05NntsvXTPm4b0A4kUZ/UoQ==",
      "dependencies": {
        "@cloudinary/html": "^1.13.0"
      }
    },
    "node_modules/@fawmi/vue-google-maps": {
      "version": "0.9.79",
      "resolved": "https://registry.npmjs.org/@fawmi/vue-google-maps/-/vue-google-maps-0.9.79.tgz",
      "integrity": "sha512-SnITonfrBfT/7uESF8SCs1DRWHSJyr/K0bPv9taONAUp/YiggmlwHOwAzA63UeDl8vP0bBmT56MYC1bZmAdUjQ==",
      "dependencies": {
        "@googlemaps/markerclusterer": "^2.0.3"
      }
    },
    "node_modules/@googlemaps/markerclusterer": {
      "version": "2.5.3",
      "resolved": "https://registry.npmjs.org/@googlemaps/markerclusterer/-/markerclusterer-2.5.3.tgz",
      "integrity": "sha512-x7lX0R5yYOoiNectr10wLgCBasNcXFHiADIBdmn7jQllF2B5ENQw5XtZK+hIw4xnV0Df0xhN4LN98XqA5jaiOw==",
      "dependencies": {
        "fast-deep-equal": "^3.1.3",
        "supercluster": "^8.0.1"
      }
    },
    "node_modules/@jridgewell/sourcemap-codec": {
      "version": "1.4.15",
      "resolved": "https://registry.npmjs.org/@jridgewell/sourcemap-codec/-/sourcemap-codec-1.4.15.tgz",
      "integrity": "sha512-eF2rxCRulEKXHTRiDrDy6erMYWqNw4LPdQ8UQA4huuxaQsVeRPFl2oM8oDGxMFhJUWZf9McpLtJasDDZb/Bpeg==",
      "peer": true
    },
    "node_modules/@types/lodash": {
      "version": "4.17.0",
      "resolved": "https://registry.npmjs.org/@types/lodash/-/lodash-4.17.0.tgz",
      "integrity": "sha512-t7dhREVv6dbNj0q17X12j7yDG4bD/DHYX7o5/DbDxobP0HnGPgpRz2Ej77aL7TZT3DSw13fqUTj8J4mMnqa7WA=="
    },
    "node_modules/@types/lodash.clonedeep": {
      "version": "4.5.9",
      "resolved": "https://registry.npmjs.org/@types/lodash.clonedeep/-/lodash.clonedeep-4.5.9.tgz",
      "integrity": "sha512-19429mWC+FyaAhOLzsS8kZUsI+/GmBAQ0HFiCPsKGU+7pBXOQWhyrY6xNNDwUSX8SMZMJvuFVMF9O5dQOlQK9Q==",
      "dependencies": {
        "@types/lodash": "*"
      }
    },
    "node_modules/@types/lodash.debounce": {
      "version": "4.0.9",
      "resolved": "https://registry.npmjs.org/@types/lodash.debounce/-/lodash.debounce-4.0.9.tgz",
      "integrity": "sha512-Ma5JcgTREwpLRwMM+XwBR7DaWe96nC38uCBDFKZWbNKD+osjVzdpnUSwBcqCptrp16sSOLBAUb50Car5I0TCsQ==",
      "dependencies": {
        "@types/lodash": "*"
      }
    },
    "node_modules/@types/node": {
      "version": "14.18.63",
      "resolved": "https://registry.npmjs.org/@types/node/-/node-14.18.63.tgz",
      "integrity": "sha512-fAtCfv4jJg+ExtXhvCkCqUKZ+4ok/JQk01qDKhL5BDDoS3AxKXhV5/MAVUZyQnSEd2GT92fkgZl0pz0Q0AzcIQ=="
    },
    "node_modules/@vue/compiler-core": {
      "version": "3.4.25",
      "resolved": "https://registry.npmjs.org/@vue/compiler-core/-/compiler-core-3.4.25.tgz",
      "integrity": "sha512-Y2pLLopaElgWnMNolgG8w3C5nNUVev80L7hdQ5iIKPtMJvhVpG0zhnBG/g3UajJmZdvW0fktyZTotEHD1Srhbg==",
      "peer": true,
      "dependencies": {
        "@babel/parser": "^7.24.4",
        "@vue/shared": "3.4.25",
        "entities": "^4.5.0",
        "estree-walker": "^2.0.2",
        "source-map-js": "^1.2.0"
      }
    },
    "node_modules/@vue/compiler-dom": {
      "version": "3.4.25",
      "resolved": "https://registry.npmjs.org/@vue/compiler-dom/-/compiler-dom-3.4.25.tgz",
      "integrity": "sha512-Ugz5DusW57+HjllAugLci19NsDK+VyjGvmbB2TXaTcSlQxwL++2PETHx/+Qv6qFwNLzSt7HKepPe4DcTE3pBWg==",
      "peer": true,
      "dependencies": {
        "@vue/compiler-core": "3.4.25",
        "@vue/shared": "3.4.25"
      }
    },
    "node_modules/@vue/compiler-sfc": {
      "version": "3.4.25",
      "resolved": "https://registry.npmjs.org/@vue/compiler-sfc/-/compiler-sfc-3.4.25.tgz",
      "integrity": "sha512-m7rryuqzIoQpOBZ18wKyq05IwL6qEpZxFZfRxlNYuIPDqywrXQxgUwLXIvoU72gs6cRdY6wHD0WVZIFE4OEaAQ==",
      "peer": true,
      "dependencies": {
        "@babel/parser": "^7.24.4",
        "@vue/compiler-core": "3.4.25",
        "@vue/compiler-dom": "3.4.25",
        "@vue/compiler-ssr": "3.4.25",
        "@vue/shared": "3.4.25",
        "estree-walker": "^2.0.2",
        "magic-string": "^0.30.10",
        "postcss": "^8.4.38",
        "source-map-js": "^1.2.0"
      }
    },
    "node_modules/@vue/compiler-ssr": {
      "version": "3.4.25",
      "resolved": "https://registry.npmjs.org/@vue/compiler-ssr/-/compiler-ssr-3.4.25.tgz",
      "integrity": "sha512-H2ohvM/Pf6LelGxDBnfbbXFPyM4NE3hrw0e/EpwuSiYu8c819wx+SVGdJ65p/sFrYDd6OnSDxN1MB2mN07hRSQ==",
      "peer": true,
      "dependencies": {
        "@vue/compiler-dom": "3.4.25",
        "@vue/shared": "3.4.25"
      }
    },
    "node_modules/@vue/devtools-api": {
      "version": "6.6.1",
      "resolved": "https://registry.npmjs.org/@vue/devtools-api/-/devtools-api-6.6.1.tgz",
      "integrity": "sha512-LgPscpE3Vs0x96PzSSB4IGVSZXZBZHpfxs+ZA1d+VEPwHdOXowy/Y2CsvCAIFrf+ssVU1pD1jidj505EpUnfbA=="
    },
    "node_modules/@vue/reactivity": {
      "version": "3.4.25",
      "resolved": "https://registry.npmjs.org/@vue/reactivity/-/reactivity-3.4.25.tgz",
      "integrity": "sha512-mKbEtKr1iTxZkAG3vm3BtKHAOhuI4zzsVcN0epDldU/THsrvfXRKzq+lZnjczZGnTdh3ojd86/WrP+u9M51pWQ==",
      "peer": true,
      "dependencies": {
        "@vue/shared": "3.4.25"
      }
    },
    "node_modules/@vue/runtime-core": {
      "version": "3.4.25",
      "resolved": "https://registry.npmjs.org/@vue/runtime-core/-/runtime-core-3.4.25.tgz",
      "integrity": "sha512-3qhsTqbEh8BMH3pXf009epCI5E7bKu28fJLi9O6W+ZGt/6xgSfMuGPqa5HRbUxLoehTNp5uWvzCr60KuiRIL0Q==",
      "peer": true,
      "dependencies": {
        "@vue/reactivity": "3.4.25",
        "@vue/shared": "3.4.25"
      }
    },
    "node_modules/@vue/runtime-dom": {
      "version": "3.4.25",
      "resolved": "https://registry.npmjs.org/@vue/runtime-dom/-/runtime-dom-3.4.25.tgz",
      "integrity": "sha512-ode0sj77kuwXwSc+2Yhk8JMHZh1sZp9F/51wdBiz3KGaWltbKtdihlJFhQG4H6AY+A06zzeMLkq6qu8uDSsaoA==",
      "peer": true,
      "dependencies": {
        "@vue/runtime-core": "3.4.25",
        "@vue/shared": "3.4.25",
        "csstype": "^3.1.3"
      }
    },
    "node_modules/@vue/server-renderer": {
      "version": "3.4.25",
      "resolved": "https://registry.npmjs.org/@vue/server-renderer/-/server-renderer-3.4.25.tgz",
      "integrity": "sha512-8VTwq0Zcu3K4dWV0jOwIVINESE/gha3ifYCOKEhxOj6MEl5K5y8J8clQncTcDhKF+9U765nRw4UdUEXvrGhyVQ==",
      "peer": true,
      "dependencies": {
        "@vue/compiler-ssr": "3.4.25",
        "@vue/shared": "3.4.25"
      },
      "peerDependencies": {
        "vue": "3.4.25"
      }
    },
    "node_modules/@vue/shared": {
      "version": "3.4.25",
      "resolved": "https://registry.npmjs.org/@vue/shared/-/shared-3.4.25.tgz",
      "integrity": "sha512-k0yappJ77g2+KNrIaF0FFnzwLvUBLUYr8VOwz+/6vLsmItFp51AcxLL7Ey3iPd7BIRyWPOcqUjMnm7OkahXllA==",
      "peer": true
    },
    "node_modules/babel-runtime": {
      "version": "6.26.0",
      "resolved": "https://registry.npmjs.org/babel-runtime/-/babel-runtime-6.26.0.tgz",
      "integrity": "sha512-ITKNuq2wKlW1fJg9sSW52eepoYgZBggvOAHC0u/CYu/qxQ9EVzThCgR69BnSXLHjy2f7SY5zaQ4yt7H9ZVxY2g==",
      "dependencies": {
        "core-js": "^2.4.0",
        "regenerator-runtime": "^0.11.0"
      }
    },
    "node_modules/blurhash": {
      "version": "2.0.5",
      "resolved": "https://registry.npmjs.org/blurhash/-/blurhash-2.0.5.tgz",
      "integrity": "sha512-cRygWd7kGBQO3VEhPiTgq4Wc43ctsM+o46urrmPOiuAe+07fzlSB9OJVdpgDL0jPqXUVQ9ht7aq7kxOeJHRK+w=="
    },
    "node_modules/ckeditor5": {
      "version": "41.3.0",
      "resolved": "https://registry.npmjs.org/ckeditor5/-/ckeditor5-41.3.0.tgz",
      "integrity": "sha512-H9+Gv9DZQHxiPjaaWo0FHFeYBDWv0Je9WvudLyLaCwh9FVVEZNcPqVmxe55M1mIdQJSXNn8Q663orct09pqdfw==",
      "dependencies": {
        "@ckeditor/ckeditor5-clipboard": "41.3.0",
        "@ckeditor/ckeditor5-core": "41.3.0",
        "@ckeditor/ckeditor5-engine": "41.3.0",
        "@ckeditor/ckeditor5-enter": "41.3.0",
        "@ckeditor/ckeditor5-paragraph": "41.3.0",
        "@ckeditor/ckeditor5-select-all": "41.3.0",
        "@ckeditor/ckeditor5-typing": "41.3.0",
        "@ckeditor/ckeditor5-ui": "41.3.0",
        "@ckeditor/ckeditor5-undo": "41.3.0",
        "@ckeditor/ckeditor5-upload": "41.3.0",
        "@ckeditor/ckeditor5-utils": "41.3.0",
        "@ckeditor/ckeditor5-watchdog": "41.3.0",
        "@ckeditor/ckeditor5-widget": "41.3.0"
      }
    },
    "node_modules/cloudinary": {
      "version": "2.1.0",
      "resolved": "https://registry.npmjs.org/cloudinary/-/cloudinary-2.1.0.tgz",
      "integrity": "sha512-v7ywNaPHoM8N8ZuWieWK5tENIgB+9X4QhRaJHfHefd/Q7ZTzppLa8GX7IJMsF5mdQGL2TD2RbM8RZ+rrnsfP5w==",
      "dependencies": {
        "lodash": "^4.17.21",
        "q": "^1.5.1"
      },
      "engines": {
        "node": ">=9"
      }
    },
    "node_modules/color-convert": {
      "version": "2.0.1",
      "resolved": "https://registry.npmjs.org/color-convert/-/color-convert-2.0.1.tgz",
      "integrity": "sha512-RRECPsj7iu/xb5oKYcsFHSppFNnsj/52OVTRKb4zP5onXwVF3zVmmToNcOfGC+CRDpfK/U584fMg38ZHCaElKQ==",
      "dependencies": {
        "color-name": "~1.1.4"
      },
      "engines": {
        "node": ">=7.0.0"
      }
    },
    "node_modules/color-name": {
      "version": "1.1.4",
      "resolved": "https://registry.npmjs.org/color-name/-/color-name-1.1.4.tgz",
      "integrity": "sha512-dOy+3AuW3a2wNbZHIuMZpTcgjGuLU/uBL/ubcZF9OXbDo8ff4O8yVp5Bf0efS8uEoYo5q4Fx7dY9OgQGXgAsQA=="
    },
    "node_modules/color-parse": {
      "version": "1.4.2",
      "resolved": "https://registry.npmjs.org/color-parse/-/color-parse-1.4.2.tgz",
      "integrity": "sha512-RI7s49/8yqDj3fECFZjUI1Yi0z/Gq1py43oNJivAIIDSyJiOZLfYCRQEgn8HEVAj++PcRe8AnL2XF0fRJ3BTnA==",
      "dependencies": {
        "color-name": "^1.0.0"
      }
    },
    "node_modules/core-js": {
      "version": "2.6.12",
      "resolved": "https://registry.npmjs.org/core-js/-/core-js-2.6.12.tgz",
      "integrity": "sha512-Kb2wC0fvsWfQrgk8HU5lW6U/Lcs8+9aaYcy4ZFc6DDlo4nZ7n70dEgE5rtR0oG6ufKDUnrwfWL1mXR5ljDatrQ==",
      "deprecated": "core-js@<3.23.3 is no longer maintained and not recommended for usage due to the number of issues. Because of the V8 engine whims, feature detection in old core-js versions could cause a slowdown up to 100x even if nothing is polyfilled. Some versions have web compatibility issues. Please, upgrade your dependencies to the actual version of core-js.",
      "hasInstallScript": true
    },
    "node_modules/csstype": {
      "version": "3.1.3",
      "resolved": "https://registry.npmjs.org/csstype/-/csstype-3.1.3.tgz",
      "integrity": "sha512-M1uQkMl8rQK/szD0LNhtqxIPLpimGm8sOBwU7lLnCpSbTyY3yeU1Vc7l4KT5zT4s/yOxHH5O7tIuuLOCnLADRw==",
      "peer": true
    },
    "node_modules/entities": {
      "version": "4.5.0",
      "resolved": "https://registry.npmjs.org/entities/-/entities-4.5.0.tgz",
      "integrity": "sha512-V0hjH4dGPh9Ao5p0MoRY6BVqtwCjhz6vI5LT8AJ55H+4g9/4vbHx1I54fS0XuclLhDHArPQCiMjDxjaL8fPxhw==",
      "peer": true,
      "engines": {
        "node": ">=0.12"
      },
      "funding": {
        "url": "https://github.com/fb55/entities?sponsor=1"
      }
    },
    "node_modules/estree-walker": {
      "version": "2.0.2",
      "resolved": "https://registry.npmjs.org/estree-walker/-/estree-walker-2.0.2.tgz",
      "integrity": "sha512-Rfkk/Mp/DL7JVje3u18FxFujQlTNR2q6QfMSMB7AvCBx91NGj/ba3kCfza0f6dVDbw7YlRf/nDrn7pQrCCyQ/w==",
      "peer": true
    },
    "node_modules/fast-deep-equal": {
      "version": "3.1.3",
      "resolved": "https://registry.npmjs.org/fast-deep-equal/-/fast-deep-equal-3.1.3.tgz",
      "integrity": "sha512-f3qQ9oQy9j2AhBe/H9VC91wLmKBCCU/gDOnKNAYG5hswO7BLKj09Hc5HYNz9cGI++xlpDCIgDaitVs03ATR84Q=="
    },
    "node_modules/kdbush": {
      "version": "4.0.2",
      "resolved": "https://registry.npmjs.org/kdbush/-/kdbush-4.0.2.tgz",
      "integrity": "sha512-WbCVYJ27Sz8zi9Q7Q0xHC+05iwkm3Znipc2XTlrnJbsHMYktW4hPhXUE8Ys1engBrvffoSCqbil1JQAa7clRpA=="
    },
    "node_modules/lodash": {
      "version": "4.17.21",
      "resolved": "https://registry.npmjs.org/lodash/-/lodash-4.17.21.tgz",
      "integrity": "sha512-v2kDEe57lecTulaDIuNTPy3Ry4gLGJ6Z1O3vE1krgXZNrsQ+LFTGHVxVjcXPs17LhbZVGedAJv8XZ1tvj5FvSg=="
    },
    "node_modules/lodash-es": {
      "version": "4.17.21",
      "resolved": "https://registry.npmjs.org/lodash-es/-/lodash-es-4.17.21.tgz",
      "integrity": "sha512-mKnC+QJ9pWVzv+C4/U3rRsHapFfHvQFoFB92e52xeyGMcX6/OlIl78je1u8vePzYZSkkogMPJ2yjxxsb89cxyw=="
    },
    "node_modules/lodash.clonedeep": {
      "version": "4.5.0",
      "resolved": "https://registry.npmjs.org/lodash.clonedeep/-/lodash.clonedeep-4.5.0.tgz",
      "integrity": "sha512-H5ZhCF25riFd9uB5UCkVKo61m3S/xZk1x4wA6yp/L3RFP6Z/eHH1ymQcGLo7J3GMPfm0V/7m1tryHuGVxpqEBQ=="
    },
    "node_modules/lodash.debounce": {
      "version": "4.0.8",
      "resolved": "https://registry.npmjs.org/lodash.debounce/-/lodash.debounce-4.0.8.tgz",
      "integrity": "sha512-FT1yDzDYEoYWhnSGnpE/4Kj1fLZkDFyqRb7fNt6FdYOSxlUWAtp42Eh6Wb0rGIv/m9Bgo7x4GhQbm5Ys4SG5ow=="
    },
    "node_modules/magic-string": {
      "version": "0.30.10",
      "resolved": "https://registry.npmjs.org/magic-string/-/magic-string-0.30.10.tgz",
      "integrity": "sha512-iIRwTIf0QKV3UAnYK4PU8uiEc4SRh5jX0mwpIwETPpHdhVM4f53RSwS/vXvN1JhGX+Cs7B8qIq3d6AH49O5fAQ==",
      "peer": true,
      "dependencies": {
        "@jridgewell/sourcemap-codec": "^1.4.15"
      }
    },
    "node_modules/marker-clusterer-plus": {
      "version": "2.1.4",
      "resolved": "https://registry.npmjs.org/marker-clusterer-plus/-/marker-clusterer-plus-2.1.4.tgz",
      "integrity": "sha512-4WLZnYCkgsUfSC0pftldd0YrLNupSqVIEdxL979f3sXVMBHTUOF3gDa6cEuOk2z8UGyVGcANiNZgvVc333mrHA=="
    },
    "node_modules/nanoid": {
      "version": "3.3.7",
      "resolved": "https://registry.npmjs.org/nanoid/-/nanoid-3.3.7.tgz",
      "integrity": "sha512-eSRppjcPIatRIMC1U6UngP8XFcz8MQWGQdt1MTBQ7NaAmvXDfvNxbvWV3x2y6CdEUciCSsDHDQZbhYaB8QEo2g==",
      "funding": [
        {
          "type": "github",
          "url": "https://github.com/sponsors/ai"
        }
      ],
      "peer": true,
      "bin": {
        "nanoid": "bin/nanoid.cjs"
      },
      "engines": {
        "node": "^10 || ^12 || ^13.7 || ^14 || >=15.0.1"
      }
    },
    "node_modules/picocolors": {
      "version": "1.0.0",
      "resolved": "https://registry.npmjs.org/picocolors/-/picocolors-1.0.0.tgz",
      "integrity": "sha512-1fygroTLlHu66zi26VoTDv8yRgm0Fccecssto+MhsZ0D/DGW2sm8E8AjW7NU5VVTRt5GxbeZ5qBuJr+HyLYkjQ==",
      "peer": true
    },
    "node_modules/postcss": {
      "version": "8.4.38",
      "resolved": "https://registry.npmjs.org/postcss/-/postcss-8.4.38.tgz",
      "integrity": "sha512-Wglpdk03BSfXkHoQa3b/oulrotAkwrlLDRSOb9D0bN86FdRyE9lppSp33aHNPgBa0JKCoB+drFLZkQoRRYae5A==",
      "funding": [
        {
          "type": "opencollective",
          "url": "https://opencollective.com/postcss/"
        },
        {
          "type": "tidelift",
          "url": "https://tidelift.com/funding/github/npm/postcss"
        },
        {
          "type": "github",
          "url": "https://github.com/sponsors/ai"
        }
      ],
      "peer": true,
      "dependencies": {
        "nanoid": "^3.3.7",
        "picocolors": "^1.0.0",
        "source-map-js": "^1.2.0"
      },
      "engines": {
        "node": "^10 || ^12 || >=14"
      }
    },
    "node_modules/q": {
      "version": "1.5.1",
      "resolved": "https://registry.npmjs.org/q/-/q-1.5.1.tgz",
      "integrity": "sha512-kV/CThkXo6xyFEZUugw/+pIOywXcDbFYgSct5cT3gqlbkBE1SJdwy6UQoZvodiWF/ckQLZyDE/Bu1M6gVu5lVw==",
      "engines": {
        "node": ">=0.6.0",
        "teleport": ">=0.2.0"
      }
    },
    "node_modules/regenerator-runtime": {
      "version": "0.11.1",
      "resolved": "https://registry.npmjs.org/regenerator-runtime/-/regenerator-runtime-0.11.1.tgz",
      "integrity": "sha512-MguG95oij0fC3QV3URf4V2SDYGJhJnJGqvIIgdECeODCT98wSWDAJ94SSuVpYQUoTcGUIL6L4yNB7j1DFFHSBg=="
    },
    "node_modules/sortablejs": {
      "version": "1.10.2",
      "resolved": "https://registry.npmjs.org/sortablejs/-/sortablejs-1.10.2.tgz",
      "integrity": "sha512-YkPGufevysvfwn5rfdlGyrGjt7/CRHwvRPogD/lC+TnvcN29jDpCifKP+rBqf+LRldfXSTh+0CGLcSg0VIxq3A=="
    },
    "node_modules/source-map-js": {
      "version": "1.2.0",
      "resolved": "https://registry.npmjs.org/source-map-js/-/source-map-js-1.2.0.tgz",
      "integrity": "sha512-itJW8lvSA0TXEphiRoawsCksnlf8SyvmFzIhltqAHluXd88pkCd+cXJVHTDwdCr0IzwptSm035IHQktUu1QUMg==",
      "peer": true,
      "engines": {
        "node": ">=0.10.0"
      }
    },
    "node_modules/supercluster": {
      "version": "8.0.1",
      "resolved": "https://registry.npmjs.org/supercluster/-/supercluster-8.0.1.tgz",
      "integrity": "sha512-IiOea5kJ9iqzD2t7QJq/cREyLHTtSmUT6gQsweojg9WH2sYJqZK9SswTu6jrscO6D1G5v5vYZ9ru/eq85lXeZQ==",
      "dependencies": {
        "kdbush": "^4.0.2"
      }
    },
    "node_modules/typescript": {
      "version": "4.9.5",
      "resolved": "https://registry.npmjs.org/typescript/-/typescript-4.9.5.tgz",
      "integrity": "sha512-1FXk9E2Hm+QzZQ7z+McJiHL4NW1F2EzMu9Nq9i3zAaGqibafqYwCVU6WyWAuyQRRzOlxou8xZSyXLEN8oKj24g==",
      "bin": {
        "tsc": "bin/tsc",
        "tsserver": "bin/tsserver"
      },
      "engines": {
        "node": ">=4.2.0"
      }
    },
    "node_modules/vanilla-colorful": {
      "version": "0.7.2",
      "resolved": "https://registry.npmjs.org/vanilla-colorful/-/vanilla-colorful-0.7.2.tgz",
      "integrity": "sha512-z2YZusTFC6KnLERx1cgoIRX2CjPRP0W75N+3CC6gbvdX5Ch47rZkEMGO2Xnf+IEmi3RiFLxS18gayMA27iU7Kg=="
    },
    "node_modules/vue": {
      "version": "3.4.25",
      "resolved": "https://registry.npmjs.org/vue/-/vue-3.4.25.tgz",
      "integrity": "sha512-HWyDqoBHMgav/OKiYA2ZQg+kjfMgLt/T0vg4cbIF7JbXAjDexRf5JRg+PWAfrAkSmTd2I8aPSXtooBFWHB98cg==",
      "peer": true,
      "dependencies": {
        "@vue/compiler-dom": "3.4.25",
        "@vue/compiler-sfc": "3.4.25",
        "@vue/runtime-dom": "3.4.25",
        "@vue/server-renderer": "3.4.25",
        "@vue/shared": "3.4.25"
      },
      "peerDependencies": {
        "typescript": "*"
      },
      "peerDependenciesMeta": {
        "typescript": {
          "optional": true
        }
      }
    },
    "node_modules/vue-router": {
      "version": "4.3.2",
      "resolved": "https://registry.npmjs.org/vue-router/-/vue-router-4.3.2.tgz",
      "integrity": "sha512-hKQJ1vDAZ5LVkKEnHhmm1f9pMiWIBNGF5AwU67PdH7TyXCj/a4hTccuUuYCAMgJK6rO/NVYtQIEN3yL8CECa7Q==",
      "dependencies": {
        "@vue/devtools-api": "^6.5.1"
      },
      "funding": {
        "url": "https://github.com/sponsors/posva"
      },
      "peerDependencies": {
        "vue": "^3.2.0"
      }
    },
    "node_modules/vue2-google-maps": {
      "version": "0.10.7",
      "resolved": "https://registry.npmjs.org/vue2-google-maps/-/vue2-google-maps-0.10.7.tgz",
      "integrity": "sha512-y5aBJTAsfGvpsbfgPaeWU7o7QbOeINZKsP6SB9qrBe8U8EYBFO/bTWo3rcMq/NOtgT/XssV3Nwg/2u3no6jWbw==",
      "dependencies": {
        "babel-runtime": "^6.26.0",
        "marker-clusterer-plus": "^2.1.4"
      }
    },
    "node_modules/vuedraggable": {
      "version": "2.24.3",
      "resolved": "https://registry.npmjs.org/vuedraggable/-/vuedraggable-2.24.3.tgz",
      "integrity": "sha512-6/HDXi92GzB+Hcs9fC6PAAozK1RLt1ewPTLjK0anTYguXLAeySDmcnqE8IC0xa7shvSzRjQXq3/+dsZ7ETGF3g==",
      "dependencies": {
        "sortablejs": "1.10.2"
      }
    }
  }
}
